{
  "name": "portfolio",
  "lockfileVersion": 3,
  "requires": true,
  "packages": {
    "": {
      "dependencies": {
        "valibot": "^1.0.0-beta.9"
      }
    },
    "node_modules/valibot": {
      "version": "1.0.0-beta.9",
      "resolved": "https://registry.npmjs.org/valibot/-/valibot-1.0.0-beta.9.tgz",
      "integrity": "sha512-yEX8gMAZ2R1yI2uwOO4NCtVnJQx36zn3vD0omzzj9FhcoblvPukENIiRZXKZwCnqSeV80bMm8wNiGhQ0S8fiww==",
      "license": "MIT",
      "peerDependencies": {
        "typescript": ">=5"
      },
      "peerDependenciesMeta": {
        "typescript": {
          "optional": true
        }
      }
    }
  }
}
